
Microsoft Visual Studio Solution File, Format Version 12.00
# Visual Studio Version 16
VisualStudioVersion = 16.0.32228.343
MinimumVisualStudioVersion = 10.0.40219.1
Project("{FAE04EC0-301F-11D3-BF4B-00C04F79EFBC}") = "SimpleMobileApp.Android", "SimpleMobileApp\SimpleMobileApp.Android\SimpleMobileApp.Android.csproj", "{F893C44B-3D6F-4280-8B0A-43763F8EA5C5}"
EndProject
Project("{FAE04EC0-301F-11D3-BF4B-00C04F79EFBC}") = "SimpleMobileApp.iOS", "SimpleMobileApp\SimpleMobileApp.iOS\SimpleMobileApp.iOS.csproj", "{F3118004-E865-4CCF-8E56-F554E5A7A5DE}"
EndProject
Project("{FAE04EC0-301F-11D3-BF4B-00C04F79EFBC}") = "SimpleMobileApp", "SimpleMobileApp\SimpleMobileApp\SimpleMobileApp.csproj", "{2BEF41B0-27DD-444A-839C-0152C7BF55B9}"
EndProject
Global
	GlobalSection(SolutionConfigurationPlatforms) = preSolution
		Debug|Any CPU = Debug|Any CPU
		Debug|iPhone = Debug|iPhone
		Debug|iPhoneSimulator = Debug|iPhoneSimulator
		Release|Any CPU = Release|Any CPU
		Release|iPhone = Release|iPhone
		Release|iPhoneSimulator = Release|iPhoneSimulator
	EndGlobalSection
	GlobalSection(ProjectConfigurationPlatforms) = postSolution
		{F893C44B-3D6F-4280-8B0A-43763F8EA5C5}.Debug|Any CPU.ActiveCfg = Debug|Any CPU
		{F893C44B-3D6F-4280-8B0A-43763F8EA5C5}.Debug|Any CPU.Build.0 = Debug|Any CPU
		{F893C44B-3D6F-4280-8B0A-43763F8EA5C5}.Debug|Any CPU.Deploy.0 = Debug|Any CPU
		{F893C44B-3D6F-4280-8B0A-43763F8EA5C5}.Debug|iPhone.ActiveCfg = Debug|Any CPU
		{F893C44B-3D6F-4280-8B0A-43763F8EA5C5}.Debug|iPhone.Build.0 = Debug|Any CPU
		{F893C44B-3D6F-4280-8B0A-43763F8EA5C5}.Debug|iPhone.Deploy.0 = Debug|Any CPU
		{F893C44B-3D6F-4280-8B0A-43763F8EA5C5}.Debug|iPhoneSimulator.ActiveCfg = Debug|Any CPU
		{F893C44B-3D6F-4280-8B0A-43763F8EA5C5}.Debug|iPhoneSimulator.Build.0 = Debug|Any CPU
		{F893C44B-3D6F-4280-8B0A-43763F8EA5C5}.Debug|iPhoneSimulator.Deploy.0 = Debug|Any CPU
		{F893C44B-3D6F-4280-8B0A-43763F8EA5C5}.Release|Any CPU.ActiveCfg = Release|Any CPU
		{F893C44B-3D6F-4280-8B0A-43763F8EA5C5}.Release|Any CPU.Build.0 = Release|Any CPU
		{F893C44B-3D6F-4280-8B0A-43763F8EA5C5}.Release|Any CPU.Deploy.0 = Release|Any CPU
		{F893C44B-3D6F-4280-8B0A-43763F8EA5C5}.Release|iPhone.ActiveCfg = Release|Any CPU
		{F893C44B-3D6F-4280-8B0A-43763F8EA5C5}.Release|iPhone.Build.0 = Release|Any CPU
		{F893C44B-3D6F-4280-8B0A-43763F8EA5C5}.Release|iPhone.Deploy.0 = Release|Any CPU
		{F893C44B-3D6F-4280-8B0A-43763F8EA5C5}.Release|iPhoneSimulator.ActiveCfg = Release|Any CPU
		{F893C44B-3D6F-4280-8B0A-43763F8EA5C5}.Release|iPhoneSimulator.Build.0 = Release|Any CPU
		{F893C44B-3D6F-4280-8B0A-43763F8EA5C5}.Release|iPhoneSimulator.Deploy.0 = Release|Any CPU
		{F3118004-E865-4CCF-8E56-F554E5A7A5DE}.Debug|Any CPU.ActiveCfg = Debug|iPhone
		{F3118004-E865-4CCF-8E56-F554E5A7A5DE}.Debug|Any CPU.Build.0 = Debug|iPhone
		{F3118004-E865-4CCF-8E56-F554E5A7A5DE}.Debug|Any CPU.Deploy.0 = Debug|iPhone
		{F3118004-E865-4CCF-8E56-F554E5A7A5DE}.Debug|iPhone.ActiveCfg = Debug|iPhone
		{F3118004-E865-4CCF-8E56-F554E5A7A5DE}.Debug|iPhone.Build.0 = Debug|iPhone
		{F3118004-E865-4CCF-8E56-F554E5A7A5DE}.Debug|iPhone.Deploy.0 = Debug|iPhone
		{F3118004-E865-4CCF-8E56-F554E5A7A5DE}.Debug|iPhoneSimulator.ActiveCfg = Debug|iPhoneSimulator
		{F3118004-E865-4CCF-8E56-F554E5A7A5DE}.Debug|iPhoneSimulator.Build.0 = Debug|iPhoneSimulator
		{F3118004-E865-4CCF-8E56-F554E5A7A5DE}.Debug|iPhoneSimulator.Deploy.0 = Debug|iPhoneSimulator
		{F3118004-E865-4CCF-8E56-F554E5A7A5DE}.Release|Any CPU.ActiveCfg = Release|iPhoneSimulator
		{F3118004-E865-4CCF-8E56-F554E5A7A5DE}.Release|Any CPU.Build.0 = Release|iPhoneSimulator
		{F3118004-E865-4CCF-8E56-F554E5A7A5DE}.Release|Any CPU.Deploy.0 = Release|iPhoneSimulator
		{F3118004-E865-4CCF-8E56-F554E5A7A5DE}.Release|iPhone.ActiveCfg = Release|iPhone
		{F3118004-E865-4CCF-8E56-F554E5A7A5DE}.Release|iPhone.Build.0 = Release|iPhone
		{F3118004-E865-4CCF-8E56-F554E5A7A5DE}.Release|iPhone.Deploy.0 = Release|iPhone
		{F3118004-E865-4CCF-8E56-F554E5A7A5DE}.Release|iPhoneSimulator.ActiveCfg = Release|iPhoneSimulator
		{F3118004-E865-4CCF-8E56-F554E5A7A5DE}.Release|iPhoneSimulator.Build.0 = Release|iPhoneSimulator
		{F3118004-E865-4CCF-8E56-F554E5A7A5DE}.Release|iPhoneSimulator.Deploy.0 = Release|iPhoneSimulator
		{2BEF41B0-27DD-444A-839C-0152C7BF55B9}.Debug|Any CPU.ActiveCfg = Debug|Any CPU
		{2BEF41B0-27DD-444A-839C-0152C7BF55B9}.Debug|Any CPU.Build.0 = Debug|Any CPU
		{2BEF41B0-27DD-444A-839C-0152C7BF55B9}.Debug|Any CPU.Deploy.0 = Debug|Any CPU
		{2BEF41B0-27DD-444A-839C-0152C7BF55B9}.Debug|iPhone.ActiveCfg = Debug|Any CPU
		{2BEF41B0-27DD-444A-839C-0152C7BF55B9}.Debug|iPhone.Build.0 = Debug|Any CPU
		{2BEF41B0-27DD-444A-839C-0152C7BF55B9}.Debug|iPhone.Deploy.0 = Debug|Any CPU
		{2BEF41B0-27DD-444A-839C-0152C7BF55B9}.Debug|iPhoneSimulator.ActiveCfg = Debug|Any CPU
		{2BEF41B0-27DD-444A-839C-0152C7BF55B9}.Debug|iPhoneSimulator.Build.0 = Debug|Any CPU
		{2BEF41B0-27DD-444A-839C-0152C7BF55B9}.Debug|iPhoneSimulator.Deploy.0 = Debug|Any CPU
		{2BEF41B0-27DD-444A-839C-0152C7BF55B9}.Release|Any CPU.ActiveCfg = Release|Any CPU
		{2BEF41B0-27DD-444A-839C-0152C7BF55B9}.Release|Any CPU.Build.0 = Release|Any CPU
		{2BEF41B0-27DD-444A-839C-0152C7BF55B9}.Release|Any CPU.Deploy.0 = Release|Any CPU
		{2BEF41B0-27DD-444A-839C-0152C7BF55B9}.Release|iPhone.ActiveCfg = Release|Any CPU
		{2BEF41B0-27DD-444A-839C-0152C7BF55B9}.Release|iPhone.Build.0 = Release|Any CPU
		{2BEF41B0-27DD-444A-839C-0152C7BF55B9}.Release|iPhone.Deploy.0 = Release|Any CPU
		{2BEF41B0-27DD-444A-839C-0152C7BF55B9}.Release|iPhoneSimulator.ActiveCfg = Release|Any CPU
		{2BEF41B0-27DD-444A-839C-0152C7BF55B9}.Release|iPhoneSimulator.Build.0 = Release|Any CPU
		{2BEF41B0-27DD-444A-839C-0152C7BF55B9}.Release|iPhoneSimulator.Deploy.0 = Release|Any CPU
	EndGlobalSection
	GlobalSection(SolutionProperties) = preSolution
		HideSolutionNode = FALSE
	EndGlobalSection
	GlobalSection(ExtensibilityGlobals) = postSolution
		SolutionGuid = {7165550D-51E7-42CC-B4B6-649765338ED0}
	EndGlobalSection
EndGlobal
